
Microsoft Visual Studio Solution File, Format Version 12.00
# Visual Studio Version 17
VisualStudioVersion = 17.4.33213.308
MinimumVisualStudioVersion = 10.0.40219.1
Project("{FAE04EC0-301F-11D3-BF4B-00C04F79EFBC}") = "DURATION_TASK", "DURATION_TASK\DURATION_TASK.csproj", "{ECB1A07E-D4FB-4E54-AA69-5BC9EE321FD2}"
EndProject
Global
	GlobalSection(SolutionConfigurationPlatforms) = preSolution
		Debug|Any CPU = Debug|Any CPU
		Release|Any CPU = Release|Any CPU
	EndGlobalSection
	GlobalSection(ProjectConfigurationPlatforms) = postSolution
		{ECB1A07E-D4FB-4E54-AA69-5BC9EE321FD2}.Debug|Any CPU.ActiveCfg = Debug|Any CPU
		{ECB1A07E-D4FB-4E54-AA69-5BC9EE321FD2}.Debug|Any CPU.Build.0 = Debug|Any CPU
		{ECB1A07E-D4FB-4E54-AA69-5BC9EE321FD2}.Release|Any CPU.ActiveCfg = Release|Any CPU
		{ECB1A07E-D4FB-4E54-AA69-5BC9EE321FD2}.Release|Any CPU.Build.0 = Release|Any CPU
	EndGlobalSection
	GlobalSection(SolutionProperties) = preSolution
		HideSolutionNode = FALSE
	EndGlobalSection
	GlobalSection(ExtensibilityGlobals) = postSolution
		SolutionGuid = {10C63A86-5AFB-4DD1-9885-54C95A4CB0D3}
	EndGlobalSection
EndGlobal
